
Microsoft Visual Studio Solution File, Format Version 12.00
# Visual Studio Version 17
VisualStudioVersion = 17.6.33723.286
MinimumVisualStudioVersion = 10.0.40219.1
Project("{FAE04EC0-301F-11D3-BF4B-00C04F79EFBC}") = "UsoArray", "UsoArray.csproj", "{90676C8A-F172-4563-8C05-2A1B96E7A987}"
EndProject
Global
	GlobalSection(SolutionConfigurationPlatforms) = preSolution
		Debug|Any CPU = Debug|Any CPU
		Release|Any CPU = Release|Any CPU
	EndGlobalSection
	GlobalSection(ProjectConfigurationPlatforms) = postSolution
		{90676C8A-F172-4563-8C05-2A1B96E7A987}.Debug|Any CPU.ActiveCfg = Debug|Any CPU
		{90676C8A-F172-4563-8C05-2A1B96E7A987}.Debug|Any CPU.Build.0 = Debug|Any CPU
		{90676C8A-F172-4563-8C05-2A1B96E7A987}.Release|Any CPU.ActiveCfg = Release|Any CPU
		{90676C8A-F172-4563-8C05-2A1B96E7A987}.Release|Any CPU.Build.0 = Release|Any CPU
	EndGlobalSection
	GlobalSection(SolutionProperties) = preSolution
		HideSolutionNode = FALSE
	EndGlobalSection
	GlobalSection(ExtensibilityGlobals) = postSolution
		SolutionGuid = {8C847C7D-E969-4C2C-BBF0-B47D8F0215F2}
	EndGlobalSection
EndGlobal
